// !$*UTF8*$!
{
	archiveVersion = 1;
	classes = {
	};
	objectVersion = 50;
	objects = {

/* Begin PBXBuildFile section */
		DAB1E74726DC68140063860B /* AppDelegate.swift in Sources */ = {isa = PBXBuildFile; fileRef = DAB1E74626DC68140063860B /* AppDelegate.swift */; };
		DAB1E74926DC68140063860B /* SceneDelegate.swift in Sources */ = {isa = PBXBuildFile; fileRef = DAB1E74826DC68140063860B /* SceneDelegate.swift */; };
		DAB1E74B26DC68140063860B /* ViewController.swift in Sources */ = {isa = PBXBuildFile; fileRef = DAB1E74A26DC68140063860B /* ViewController.swift */; };
		DAB1E74E26DC68150063860B /* Main.storyboard in Resources */ = {isa = PBXBuildFile; fileRef = DAB1E74C26DC68150063860B /* Main.storyboard */; };
		DAB1E75326DC68190063860B /* Assets.xcassets in Resources */ = {isa = PBXBuildFile; fileRef = DAB1E75226DC68190063860B /* Assets.xcassets */; };
		DAB1E75626DC68190063860B /* LaunchScreen.storyboard in Resources */ = {isa = PBXBuildFile; fileRef = DAB1E75426DC68190063860B /* LaunchScreen.storyboard */; };
		DAB1E75F26DC74720063860B /* LottoModel.swift in Sources */ = {isa = PBXBuildFile; fileRef = DAB1E75E26DC74720063860B /* LottoModel.swift */; };
		DAB1E76326DE16B80063860B /* LottoService.swift in Sources */ = {isa = PBXBuildFile; fileRef = DAB1E76226DE16B80063860B /* LottoService.swift */; };
/* End PBXBuildFile section */

/* Begin PBXFileReference section */
		DAB1E74326DC68140063860B /* LottoApp.app */ = {isa = PBXFileReference; explicitFileType = wrapper.application; includeInIndex = 0; path = LottoApp.app; sourceTree = BUILT_PRODUCTS_DIR; };
		DAB1E74626DC68140063860B /* AppDelegate.swift */ = {isa = PBXFileReference; lastKnownFileType = sourcecode.swift; path = AppDelegate.swift; sourceTree = "<group>"; };
		DAB1E74826DC68140063860B /* SceneDelegate.swift */ = {isa = PBXFileReference; lastKnownFileType = sourcecode.swift; path = SceneDelegate.swift; sourceTree = "<group>"; };
		DAB1E74A26DC68140063860B /* ViewController.swift */ = {isa = PBXFileReference; lastKnownFileType = sourcecode.swift; path = ViewController.swift; sourceTree = "<group>"; };
		DAB1E74D26DC68150063860B /* Base */ = {isa = PBXFileReference; lastKnownFileType = file.storyboard; name = Base; path = Base.lproj/Main.storyboard; sourceTree = "<group>"; };
		DAB1E75226DC68190063860B /* Assets.xcassets */ = {isa = PBXFileReference; lastKnownFileType = folder.assetcatalog; path = Assets.xcassets; sourceTree = "<group>"; };
		DAB1E75526DC68190063860B /* Base */ = {isa = PBXFileReference; lastKnownFileType = file.storyboard; name = Base; path = Base.lproj/LaunchScreen.storyboard; sourceTree = "<group>"; };
		DAB1E75726DC68190063860B /* Info.plist */ = {isa = PBXFileReference; lastKnownFileType = text.plist.xml; path = Info.plist; sourceTree = "<group>"; };
		DAB1E75E26DC74720063860B /* LottoModel.swift */ = {isa = PBXFileReference; lastKnownFileType = sourcecode.swift; path = LottoModel.swift; sourceTree = "<group>"; };
		DAB1E76226DE16B80063860B /* LottoService.swift */ = {isa = PBXFileReference; lastKnownFileType = sourcecode.swift; path = LottoService.swift; sourceTree = "<group>"; };
/* End PBXFileReference section */

/* Begin PBXFrameworksBuildPhase section */
		DAB1E74026DC68140063860B /* Frameworks */ = {
			isa = PBXFrameworksBuildPhase;
			buildActionMask = 2147483647;
			files = (
			);
			runOnlyForDeploymentPostprocessing = 0;
		};
/* End PBXFrameworksBuildPhase section */

/* Begin PBXGroup section */
		DAB1E73A26DC68140063860B = {
			isa = PBXGroup;
			children = (
				DAB1E74526DC68140063860B /* LottoApp */,
				DAB1E74426DC68140063860B /* Products */,
			);
			sourceTree = "<group>";
		};
		DAB1E74426DC68140063860B /* Products */ = {
			isa = PBXGroup;
			children = (
				DAB1E74326DC68140063860B /* LottoApp.app */,
			);
			name = Products;
			sourceTree = "<group>";
		};
		DAB1E74526DC68140063860B /* LottoApp */ = {
			isa = PBXGroup;
			children = (
				DAB1E75D26DC745C0063860B /* Data */,
				DAB1E74626DC68140063860B /* AppDelegate.swift */,
				DAB1E74826DC68140063860B /* SceneDelegate.swift */,
				DAB1E74A26DC68140063860B /* ViewController.swift */,
				DAB1E74C26DC68150063860B /* Main.storyboard */,
				DAB1E75226DC68190063860B /* Assets.xcassets */,
				DAB1E75426DC68190063860B /* LaunchScreen.storyboard */,
				DAB1E75726DC68190063860B /* Info.plist */,
			);
			path = LottoApp;
			sourceTree = "<group>";
		};
		DAB1E75D26DC745C0063860B /* Data */ = {
			isa = PBXGroup;
			children = (
				DAB1E75E26DC74720063860B /* LottoModel.swift */,
				DAB1E76226DE16B80063860B /* LottoService.swift */,
			);
			path = Data;
			sourceTree = "<group>";
		};
/* End PBXGroup section */

/* Begin PBXNativeTarget section */
		DAB1E74226DC68140063860B /* LottoApp */ = {
			isa = PBXNativeTarget;
			buildConfigurationList = DAB1E75A26DC68190063860B /* Build configuration list for PBXNativeTarget "LottoApp" */;
			buildPhases = (
				DAB1E73F26DC68140063860B /* Sources */,
				DAB1E74026DC68140063860B /* Frameworks */,
				DAB1E74126DC68140063860B /* Resources */,
			);
			buildRules = (
			);
			dependencies = (
			);
			name = LottoApp;
			productName = LottoApp;
			productReference = DAB1E74326DC68140063860B /* LottoApp.app */;
			productType = "com.apple.product-type.application";
		};
/* End PBXNativeTarget section */

/* Begin PBXProject section */
		DAB1E73B26DC68140063860B /* Project object */ = {
			isa = PBXProject;
			attributes = {
				LastSwiftUpdateCheck = 1250;
				LastUpgradeCheck = 1250;
				TargetAttributes = {
					DAB1E74226DC68140063860B = {
						CreatedOnToolsVersion = 12.5.1;
					};
				};
			};
			buildConfigurationList = DAB1E73E26DC68140063860B /* Build configuration list for PBXProject "LottoApp" */;
			compatibilityVersion = "Xcode 9.3";
			developmentRegion = en;
			hasScannedForEncodings = 0;
			knownRegions = (
				en,
				Base,
			);
			mainGroup = DAB1E73A26DC68140063860B;
			productRefGroup = DAB1E74426DC68140063860B /* Products */;
			projectDirPath = "";
			projectRoot = "";
			targets = (
				DAB1E74226DC68140063860B /* LottoApp */,
			);
		};
/* End PBXProject section */

/* Begin PBXResourcesBuildPhase section */
		DAB1E74126DC68140063860B /* Resources */ = {
			isa = PBXResourcesBuildPhase;
			buildActionMask = 2147483647;
			files = (
				DAB1E75626DC68190063860B /* LaunchScreen.storyboard in Resources */,
				DAB1E75326DC68190063860B /* Assets.xcassets in Resources */,
				DAB1E74E26DC68150063860B /* Main.storyboard in Resources */,
			);
			runOnlyForDeploymentPostprocessing = 0;
		};
/* End PBXResourcesBuildPhase section */

/* Begin PBXSourcesBuildPhase section */
		DAB1E73F26DC68140063860B /* Sources */ = {
			isa = PBXSourcesBuildPhase;
			buildActionMask = 2147483647;
			files = (
				DAB1E75F26DC74720063860B /* LottoModel.swift in Sources */,
				DAB1E74B26DC68140063860B /* ViewController.swift in Sources */,
				DAB1E74726DC68140063860B /* AppDelegate.swift in Sources */,
				DAB1E76326DE16B80063860B /* LottoService.swift in Sources */,
				DAB1E74926DC68140063860B /* SceneDelegate.swift in Sources */,
			);
			runOnlyForDeploymentPostprocessing = 0;
		};
/* End PBXSourcesBuildPhase section */

/* Begin PBXVariantGroup section */
		DAB1E74C26DC68150063860B /* Main.storyboard */ = {
			isa = PBXVariantGroup;
			children = (
				DAB1E74D26DC68150063860B /* Base */,
			);
			name = Main.storyboard;
			sourceTree = "<group>";
		};
		DAB1E75426DC68190063860B /* LaunchScreen.storyboard */ = {
			isa = PBXVariantGroup;
			children = (
				DAB1E75526DC68190063860B /* Base */,
			);
			name = LaunchScreen.storyboard;
			sourceTree = "<group>";
		};
/* End PBXVariantGroup section */

/* Begin XCBuildConfiguration section */
		DAB1E75826DC68190063860B /* Debug */ = {
			isa = XCBuildConfiguration;
			buildSettings = {
				ALWAYS_SEARCH_USER_PATHS = NO;
				CLANG_ANALYZER_NONNULL = YES;
				CLANG_ANALYZER_NUMBER_OBJECT_CONVERSION = YES_AGGRESSIVE;
				CLANG_CXX_LANGUAGE_STANDARD = "gnu++14";
				CLANG_CXX_LIBRARY = "libc++";
				CLANG_ENABLE_MODULES = YES;
				CLANG_ENABLE_OBJC_ARC = YES;
				CLANG_ENABLE_OBJC_WEAK = YES;
				CLANG_WARN_BLOCK_CAPTURE_AUTORELEASING = YES;
				CLANG_WARN_BOOL_CONVERSION = YES;
				CLANG_WARN_COMMA = YES;
				CLANG_WARN_CONSTANT_CONVERSION = YES;
				CLANG_WARN_DEPRECATED_OBJC_IMPLEMENTATIONS = YES;
				CLANG_WARN_DIRECT_OBJC_ISA_USAGE = YES_ERROR;
				CLANG_WARN_DOCUMENTATION_COMMENTS = YES;
				CLANG_WARN_EMPTY_BODY = YES;
				CLANG_WARN_ENUM_CONVERSION = YES;
				CLANG_WARN_INFINITE_RECURSION = YES;
				CLANG_WARN_INT_CONVERSION = YES;
				CLANG_WARN_NON_LITERAL_NULL_CONVERSION = YES;
				CLANG_WARN_OBJC_IMPLICIT_RETAIN_SELF = YES;
				CLANG_WARN_OBJC_LITERAL_CONVERSION = YES;
				CLANG_WARN_OBJC_ROOT_CLASS = YES_ERROR;
				CLANG_WARN_QUOTED_INCLUDE_IN_FRAMEWORK_HEADER = YES;
				CLANG_WARN_RANGE_LOOP_ANALYSIS = YES;
				CLANG_WARN_STRICT_PROTOTYPES = YES;
				CLANG_WARN_SUSPICIOUS_MOVE = YES;
				CLANG_WARN_UNGUARDED_AVAILABILITY = YES_AGGRESSIVE;
				CLANG_WARN_UNREACHABLE_CODE = YES;
				CLANG_WARN__DUPLICATE_METHOD_MATCH = YES;
				COPY_PHASE_STRIP = NO;
				DEBUG_INFORMATION_FORMAT = dwarf;
				ENABLE_STRICT_OBJC_MSGSEND = YES;
				ENABLE_TESTABILITY = YES;
				GCC_C_LANGUAGE_STANDARD = gnu11;
				GCC_DYNAMIC_NO_PIC = NO;
				GCC_NO_COMMON_BLOCKS = YES;
				GCC_OPTIMIZATION_LEVEL = 0;
				GCC_PREPROCESSOR_DEFINITIONS = (
					"DEBUG=1",
					"$(inherited)",
				);
				GCC_WARN_64_TO_32_BIT_CONVERSION = YES;
				GCC_WARN_ABOUT_RETURN_TYPE = YES_ERROR;
				GCC_WARN_UNDECLARED_SELECTOR = YES;
				GCC_WARN_UNINITIALIZED_AUTOS = YES_AGGRESSIVE;
				GCC_WARN_UNUSED_FUNCTION = YES;
				GCC_WARN_UNUSED_VARIABLE = YES;
				IPHONEOS_DEPLOYMENT_TARGET = 14.5;
				MTL_ENABLE_DEBUG_INFO = INCLUDE_SOURCE;
				MTL_FAST_MATH = YES;
				ONLY_ACTIVE_ARCH = YES;
				SDKROOT = iphoneos;
				SWIFT_ACTIVE_COMPILATION_CONDITIONS = DEBUG;
				SWIFT_OPTIMIZATION_LEVEL = "-Onone";
			};
			name = Debug;
		};
		DAB1E75926DC68190063860B /* Release */ = {
			isa = XCBuildConfiguration;
			buildSettings = {
				ALWAYS_SEARCH_USER_PATHS = NO;
				CLANG_ANALYZER_NONNULL = YES;
				CLANG_ANALYZER_NUMBER_OBJECT_CONVERSION = YES_AGGRESSIVE;
				CLANG_CXX_LANGUAGE_STANDARD = "gnu++14";
				CLANG_CXX_LIBRARY = "libc++";
				CLANG_ENABLE_MODULES = YES;
				CLANG_ENABLE_OBJC_ARC = YES;
				CLANG_ENABLE_OBJC_WEAK = YES;
				CLANG_WARN_BLOCK_CAPTURE_AUTORELEASING = YES;
				CLANG_WARN_BOOL_CONVERSION = YES;
				CLANG_WARN_COMMA = YES;
				CLANG_WARN_CONSTANT_CONVERSION = YES;
				CLANG_WARN_DEPRECATED_OBJC_IMPLEMENTATIONS = YES;
				CLANG_WARN_DIRECT_OBJC_ISA_USAGE = YES_ERROR;
				CLANG_WARN_DOCUMENTATION_COMMENTS = YES;
				CLANG_WARN_EMPTY_BODY = YES;
				CLANG_WARN_ENUM_CONVERSION = YES;
				CLANG_WARN_INFINITE_RECURSION = YES;
				CLANG_WARN_INT_CONVERSION = YES;
				CLANG_WARN_NON_LITERAL_NULL_CONVERSION = YES;
				CLANG_WARN_OBJC_IMPLICIT_RETAIN_SELF = YES;
				CLANG_WARN_OBJC_LITERAL_CONVERSION = YES;
				CLANG_WARN_OBJC_ROOT_CLASS = YES_ERROR;
				CLANG_WARN_QUOTED_INCLUDE_IN_FRAMEWORK_HEADER = YES;
				CLANG_WARN_RANGE_LOOP_ANALYSIS = YES;
				CLANG_WARN_STRICT_PROTOTYPES = YES;
				CLANG_WARN_SUSPICIOUS_MOVE = YES;
				CLANG_WARN_UNGUARDED_AVAILABILITY = YES_AGGRESSIVE;
				CLANG_WARN_UNREACHABLE_CODE = YES;
				CLANG_WARN__DUPLICATE_METHOD_MATCH = YES;
				COPY_PHASE_STRIP = NO;
				DEBUG_INFORMATION_FORMAT = "dwarf-with-dsym";
				ENABLE_NS_ASSERTIONS = NO;
				ENABLE_STRICT_OBJC_MSGSEND = YES;
				GCC_C_LANGUAGE_STANDARD = gnu11;
				GCC_NO_COMMON_BLOCKS = YES;
				GCC_WARN_64_TO_32_BIT_CONVERSION = YES;
				GCC_WARN_ABOUT_RETURN_TYPE = YES_ERROR;
				GCC_WARN_UNDECLARED_SELECTOR = YES;
				GCC_WARN_UNINITIALIZED_AUTOS = YES_AGGRESSIVE;
				GCC_WARN_UNUSED_FUNCTION = YES;
				GCC_WARN_UNUSED_VARIABLE = YES;
				IPHONEOS_DEPLOYMENT_TARGET = 14.5;
				MTL_ENABLE_DEBUG_INFO = NO;
				MTL_FAST_MATH = YES;
				SDKROOT = iphoneos;
				SWIFT_COMPILATION_MODE = wholemodule;
				SWIFT_OPTIMIZATION_LEVEL = "-O";
				VALIDATE_PRODUCT = YES;
			};
			name = Release;
		};
		DAB1E75B26DC68190063860B /* Debug */ = {
			isa = XCBuildConfiguration;
			buildSettings = {
				ASSETCATALOG_COMPILER_APPICON_NAME = AppIcon;
				ASSETCATALOG_COMPILER_GLOBAL_ACCENT_COLOR_NAME = AccentColor;
				CODE_SIGN_STYLE = Automatic;
				DEVELOPMENT_TEAM = TH3ZPR9PUK;
				INFOPLIST_FILE = LottoApp/Info.plist;
				IPHONEOS_DEPLOYMENT_TARGET = 14.1;
				LD_RUNPATH_SEARCH_PATHS = (
					"$(inherited)",
					"@executable_path/Frameworks",
				);
				PRODUCT_BUNDLE_IDENTIFIER = com.LottoApp;
				PRODUCT_NAME = "$(TARGET_NAME)";
				SWIFT_VERSION = 5.0;
				TARGETED_DEVICE_FAMILY = "1,2";
			};
			name = Debug;
		};
		DAB1E75C26DC68190063860B /* Release */ = {
			isa = XCBuildConfiguration;
			buildSettings = {
				ASSETCATALOG_COMPILER_APPICON_NAME = AppIcon;
				ASSETCATALOG_COMPILER_GLOBAL_ACCENT_COLOR_NAME = AccentColor;
				CODE_SIGN_STYLE = Automatic;
				DEVELOPMENT_TEAM = TH3ZPR9PUK;
				INFOPLIST_FILE = LottoApp/Info.plist;
				IPHONEOS_DEPLOYMENT_TARGET = 14.1;
				LD_RUNPATH_SEARCH_PATHS = (
					"$(inherited)",
					"@executable_path/Frameworks",
				);
				PRODUCT_BUNDLE_IDENTIFIER = com.LottoApp;
				PRODUCT_NAME = "$(TARGET_NAME)";
				SWIFT_VERSION = 5.0;
				TARGETED_DEVICE_FAMILY = "1,2";
			};
			name = Release;
		};
/* End XCBuildConfiguration section */

/* Begin XCConfigurationList section */
		DAB1E73E26DC68140063860B /* Build configuration list for PBXProject "LottoApp" */ = {
			isa = XCConfigurationList;
			buildConfigurations = (
				DAB1E75826DC68190063860B /* Debug */,
				DAB1E75926DC68190063860B /* Release */,
			);
			defaultConfigurationIsVisible = 0;
			defaultConfigurationName = Release;
		};
		DAB1E75A26DC68190063860B /* Build configuration list for PBXNativeTarget "LottoApp" */ = {
			isa = XCConfigurationList;
			buildConfigurations = (
				DAB1E75B26DC68190063860B /* Debug */,
				DAB1E75C26DC68190063860B /* Release */,
			);
			defaultConfigurationIsVisible = 0;
			defaultConfigurationName = Release;
		};
/* End XCConfigurationList section */
	};
	rootObject = DAB1E73B26DC68140063860B /* Project object */;
}
